
Microsoft Visual Studio Solution File, Format Version 12.00
# Visual Studio Version 17
VisualStudioVersion = 17.10.35027.167
MinimumVisualStudioVersion = 10.0.40219.1
Project("{FAE04EC0-301F-11D3-BF4B-00C04F79EFBC}") = "problem5", "problem5\problem5.csproj", "{9E71999C-081C-4CDA-A8AA-A1C433BA1ED7}"
EndProject
Global
	GlobalSection(SolutionConfigurationPlatforms) = preSolution
		Debug|Any CPU = Debug|Any CPU
		Release|Any CPU = Release|Any CPU
	EndGlobalSection
	GlobalSection(ProjectConfigurationPlatforms) = postSolution
		{9E71999C-081C-4CDA-A8AA-A1C433BA1ED7}.Debug|Any CPU.ActiveCfg = Debug|Any CPU
		{9E71999C-081C-4CDA-A8AA-A1C433BA1ED7}.Debug|Any CPU.Build.0 = Debug|Any CPU
		{9E71999C-081C-4CDA-A8AA-A1C433BA1ED7}.Release|Any CPU.ActiveCfg = Release|Any CPU
		{9E71999C-081C-4CDA-A8AA-A1C433BA1ED7}.Release|Any CPU.Build.0 = Release|Any CPU
	EndGlobalSection
	GlobalSection(SolutionProperties) = preSolution
		HideSolutionNode = FALSE
	EndGlobalSection
	GlobalSection(ExtensibilityGlobals) = postSolution
		SolutionGuid = {D377FCA0-0EE5-4D7D-94D5-822562A408FD}
	EndGlobalSection
EndGlobal
